
Microsoft Visual Studio Solution File, Format Version 12.00
# Visual Studio Version 17
VisualStudioVersion = 17.0.32014.148
MinimumVisualStudioVersion = 10.0.40219.1
Project("{FAE04EC0-301F-11D3-BF4B-00C04F79EFBC}") = "Dan_Bradstreet", "Dan_Bradstreet.csproj", "{603C8A02-1891-465B-985C-D645632DA0EA}"
EndProject
Global
	GlobalSection(SolutionConfigurationPlatforms) = preSolution
		Debug|Any CPU = Debug|Any CPU
		Release|Any CPU = Release|Any CPU
	EndGlobalSection
	GlobalSection(ProjectConfigurationPlatforms) = postSolution
		{603C8A02-1891-465B-985C-D645632DA0EA}.Debug|Any CPU.ActiveCfg = Debug|Any CPU
		{603C8A02-1891-465B-985C-D645632DA0EA}.Debug|Any CPU.Build.0 = Debug|Any CPU
		{603C8A02-1891-465B-985C-D645632DA0EA}.Release|Any CPU.ActiveCfg = Release|Any CPU
		{603C8A02-1891-465B-985C-D645632DA0EA}.Release|Any CPU.Build.0 = Release|Any CPU
	EndGlobalSection
	GlobalSection(SolutionProperties) = preSolution
		HideSolutionNode = FALSE
	EndGlobalSection
	GlobalSection(ExtensibilityGlobals) = postSolution
		SolutionGuid = {4699964B-C9C4-4DAE-A852-44C61A568F31}
	EndGlobalSection
EndGlobal
